// !$*UTF8*$!
{
	archiveVersion = 1;
	classes = {
	};
	objectVersion = 55;
	objects = {

/* Begin PBXBuildFile section */
		E3178D5627D379710000DB0F /* KomusouApp.swift in Sources */ = {isa = PBXBuildFile; fileRef = E3178D5527D379710000DB0F /* KomusouApp.swift */; };
		E3178D5827D379710000DB0F /* PlayView.swift in Sources */ = {isa = PBXBuildFile; fileRef = E3178D5727D379710000DB0F /* PlayView.swift */; };
		E3178D5A27D379730000DB0F /* Assets.xcassets in Resources */ = {isa = PBXBuildFile; fileRef = E3178D5927D379730000DB0F /* Assets.xcassets */; };
		E3178D5D27D379730000DB0F /* Preview Assets.xcassets in Resources */ = {isa = PBXBuildFile; fileRef = E3178D5C27D379730000DB0F /* Preview Assets.xcassets */; };
		E3178D6727D379730000DB0F /* KomusouTests.swift in Sources */ = {isa = PBXBuildFile; fileRef = E3178D6627D379730000DB0F /* KomusouTests.swift */; };
		E3178D7127D379730000DB0F /* KomusouUITests.swift in Sources */ = {isa = PBXBuildFile; fileRef = E3178D7027D379730000DB0F /* KomusouUITests.swift */; };
		E3178D7327D379730000DB0F /* KomusouUITestsLaunchTests.swift in Sources */ = {isa = PBXBuildFile; fileRef = E3178D7227D379730000DB0F /* KomusouUITestsLaunchTests.swift */; };
		E3178D8427D4B8F80000DB0F /* WorldView.swift in Sources */ = {isa = PBXBuildFile; fileRef = E3178D8327D4B8F80000DB0F /* WorldView.swift */; };
		E3178D8627D4BB930000DB0F /* art.scnassets in Resources */ = {isa = PBXBuildFile; fileRef = E3178D8527D4BB930000DB0F /* art.scnassets */; };
		E3178D8B27D7753C0000DB0F /* SettingsView.swift in Sources */ = {isa = PBXBuildFile; fileRef = E3178D8A27D7753C0000DB0F /* SettingsView.swift */; };
		E347936927D8D35E008C5829 /* TireSettingView.swift in Sources */ = {isa = PBXBuildFile; fileRef = E347936827D8D35E008C5829 /* TireSettingView.swift */; };
		E3535C4F27E3622F0035EDFA /* CadenceSensor.swift in Sources */ = {isa = PBXBuildFile; fileRef = E3535C4E27E3622F0035EDFA /* CadenceSensor.swift */; };
		E3535C5127E362600035EDFA /* BluetoothCadenceSensor.swift in Sources */ = {isa = PBXBuildFile; fileRef = E3535C5027E362600035EDFA /* BluetoothCadenceSensor.swift */; };
		E3535C5327E3646C0035EDFA /* CBUUID+AssignedNumbers.swift in Sources */ = {isa = PBXBuildFile; fileRef = E3535C5227E3646C0035EDFA /* CBUUID+AssignedNumbers.swift */; };
		E3535C5527E365BE0035EDFA /* WorldView.xib in Resources */ = {isa = PBXBuildFile; fileRef = E3535C5427E365BE0035EDFA /* WorldView.xib */; };
		E36508A227E212DE00BEE34F /* SpeedSensor.swift in Sources */ = {isa = PBXBuildFile; fileRef = E36508A127E212DE00BEE34F /* SpeedSensor.swift */; };
		E36508A427E2132400BEE34F /* BluetoothSpeedSensor.swift in Sources */ = {isa = PBXBuildFile; fileRef = E36508A327E2132400BEE34F /* BluetoothSpeedSensor.swift */; };
		E383923627E8B23D008F156F /* ControlPanelView.xib in Resources */ = {isa = PBXBuildFile; fileRef = E383923527E8B23D008F156F /* ControlPanelView.xib */; };
		E383923827E8B608008F156F /* ControlPanelView.swift in Sources */ = {isa = PBXBuildFile; fileRef = E383923727E8B608008F156F /* ControlPanelView.swift */; };
		E383923C27EDE965008F156F /* SensorSettingView.swift in Sources */ = {isa = PBXBuildFile; fileRef = E383923B27EDE965008F156F /* SensorSettingView.swift */; };
/* End PBXBuildFile section */

/* Begin PBXContainerItemProxy section */
		E3178D6327D379730000DB0F /* PBXContainerItemProxy */ = {
			isa = PBXContainerItemProxy;
			containerPortal = E3178D4A27D379710000DB0F /* Project object */;
			proxyType = 1;
			remoteGlobalIDString = E3178D5127D379710000DB0F;
			remoteInfo = Komusou;
		};
		E3178D6D27D379730000DB0F /* PBXContainerItemProxy */ = {
			isa = PBXContainerItemProxy;
			containerPortal = E3178D4A27D379710000DB0F /* Project object */;
			proxyType = 1;
			remoteGlobalIDString = E3178D5127D379710000DB0F;
			remoteInfo = Komusou;
		};
/* End PBXContainerItemProxy section */

/* Begin PBXFileReference section */
		E3178D5227D379710000DB0F /* Komusou.app */ = {isa = PBXFileReference; explicitFileType = wrapper.application; includeInIndex = 0; path = Komusou.app; sourceTree = BUILT_PRODUCTS_DIR; };
		E3178D5527D379710000DB0F /* KomusouApp.swift */ = {isa = PBXFileReference; lastKnownFileType = sourcecode.swift; path = KomusouApp.swift; sourceTree = "<group>"; };
		E3178D5727D379710000DB0F /* PlayView.swift */ = {isa = PBXFileReference; lastKnownFileType = sourcecode.swift; path = PlayView.swift; sourceTree = "<group>"; };
		E3178D5927D379730000DB0F /* Assets.xcassets */ = {isa = PBXFileReference; lastKnownFileType = folder.assetcatalog; path = Assets.xcassets; sourceTree = "<group>"; };
		E3178D5C27D379730000DB0F /* Preview Assets.xcassets */ = {isa = PBXFileReference; lastKnownFileType = folder.assetcatalog; path = "Preview Assets.xcassets"; sourceTree = "<group>"; };
		E3178D6227D379730000DB0F /* KomusouTests.xctest */ = {isa = PBXFileReference; explicitFileType = wrapper.cfbundle; includeInIndex = 0; path = KomusouTests.xctest; sourceTree = BUILT_PRODUCTS_DIR; };
		E3178D6627D379730000DB0F /* KomusouTests.swift */ = {isa = PBXFileReference; lastKnownFileType = sourcecode.swift; path = KomusouTests.swift; sourceTree = "<group>"; };
		E3178D6C27D379730000DB0F /* KomusouUITests.xctest */ = {isa = PBXFileReference; explicitFileType = wrapper.cfbundle; includeInIndex = 0; path = KomusouUITests.xctest; sourceTree = BUILT_PRODUCTS_DIR; };
		E3178D7027D379730000DB0F /* KomusouUITests.swift */ = {isa = PBXFileReference; lastKnownFileType = sourcecode.swift; path = KomusouUITests.swift; sourceTree = "<group>"; };
		E3178D7227D379730000DB0F /* KomusouUITestsLaunchTests.swift */ = {isa = PBXFileReference; lastKnownFileType = sourcecode.swift; path = KomusouUITestsLaunchTests.swift; sourceTree = "<group>"; };
		E3178D8327D4B8F80000DB0F /* WorldView.swift */ = {isa = PBXFileReference; lastKnownFileType = sourcecode.swift; path = WorldView.swift; sourceTree = "<group>"; };
		E3178D8527D4BB930000DB0F /* art.scnassets */ = {isa = PBXFileReference; lastKnownFileType = wrapper.scnassets; path = art.scnassets; sourceTree = "<group>"; };
		E3178D8A27D7753C0000DB0F /* SettingsView.swift */ = {isa = PBXFileReference; lastKnownFileType = sourcecode.swift; path = SettingsView.swift; sourceTree = "<group>"; };
		E347936827D8D35E008C5829 /* TireSettingView.swift */ = {isa = PBXFileReference; lastKnownFileType = sourcecode.swift; path = TireSettingView.swift; sourceTree = "<group>"; };
		E3535C4E27E3622F0035EDFA /* CadenceSensor.swift */ = {isa = PBXFileReference; lastKnownFileType = sourcecode.swift; path = CadenceSensor.swift; sourceTree = "<group>"; };
		E3535C5027E362600035EDFA /* BluetoothCadenceSensor.swift */ = {isa = PBXFileReference; lastKnownFileType = sourcecode.swift; path = BluetoothCadenceSensor.swift; sourceTree = "<group>"; };
		E3535C5227E3646C0035EDFA /* CBUUID+AssignedNumbers.swift */ = {isa = PBXFileReference; lastKnownFileType = sourcecode.swift; path = "CBUUID+AssignedNumbers.swift"; sourceTree = "<group>"; };
		E3535C5427E365BE0035EDFA /* WorldView.xib */ = {isa = PBXFileReference; lastKnownFileType = file.xib; path = WorldView.xib; sourceTree = "<group>"; };
		E36508A127E212DE00BEE34F /* SpeedSensor.swift */ = {isa = PBXFileReference; lastKnownFileType = sourcecode.swift; path = SpeedSensor.swift; sourceTree = "<group>"; };
		E36508A327E2132400BEE34F /* BluetoothSpeedSensor.swift */ = {isa = PBXFileReference; lastKnownFileType = sourcecode.swift; path = BluetoothSpeedSensor.swift; sourceTree = "<group>"; };
		E383923527E8B23D008F156F /* ControlPanelView.xib */ = {isa = PBXFileReference; lastKnownFileType = file.xib; path = ControlPanelView.xib; sourceTree = "<group>"; };
		E383923727E8B608008F156F /* ControlPanelView.swift */ = {isa = PBXFileReference; lastKnownFileType = sourcecode.swift; path = ControlPanelView.swift; sourceTree = "<group>"; };
		E383923B27EDE965008F156F /* SensorSettingView.swift */ = {isa = PBXFileReference; lastKnownFileType = sourcecode.swift; path = SensorSettingView.swift; sourceTree = "<group>"; };
/* End PBXFileReference section */

/* Begin PBXFrameworksBuildPhase section */
		E3178D4F27D379710000DB0F /* Frameworks */ = {
			isa = PBXFrameworksBuildPhase;
			buildActionMask = 2147483647;
			files = (
			);
			runOnlyForDeploymentPostprocessing = 0;
		};
		E3178D5F27D379730000DB0F /* Frameworks */ = {
			isa = PBXFrameworksBuildPhase;
			buildActionMask = 2147483647;
			files = (
			);
			runOnlyForDeploymentPostprocessing = 0;
		};
		E3178D6927D379730000DB0F /* Frameworks */ = {
			isa = PBXFrameworksBuildPhase;
			buildActionMask = 2147483647;
			files = (
			);
			runOnlyForDeploymentPostprocessing = 0;
		};
/* End PBXFrameworksBuildPhase section */

/* Begin PBXGroup section */
		E3178D4927D379710000DB0F = {
			isa = PBXGroup;
			children = (
				E3178D5427D379710000DB0F /* Komusou */,
				E3178D6527D379730000DB0F /* KomusouTests */,
				E3178D6F27D379730000DB0F /* KomusouUITests */,
				E3178D5327D379710000DB0F /* Products */,
			);
			sourceTree = "<group>";
		};
		E3178D5327D379710000DB0F /* Products */ = {
			isa = PBXGroup;
			children = (
				E3178D5227D379710000DB0F /* Komusou.app */,
				E3178D6227D379730000DB0F /* KomusouTests.xctest */,
				E3178D6C27D379730000DB0F /* KomusouUITests.xctest */,
			);
			name = Products;
			sourceTree = "<group>";
		};
		E3178D5427D379710000DB0F /* Komusou */ = {
			isa = PBXGroup;
			children = (
				E3178D5527D379710000DB0F /* KomusouApp.swift */,
				E3178D5727D379710000DB0F /* PlayView.swift */,
				E347936727D8D342008C5829 /* Settings */,
				E3178D8327D4B8F80000DB0F /* WorldView.swift */,
				E3535C5427E365BE0035EDFA /* WorldView.xib */,
				E383923527E8B23D008F156F /* ControlPanelView.xib */,
				E383923727E8B608008F156F /* ControlPanelView.swift */,
				E36508A127E212DE00BEE34F /* SpeedSensor.swift */,
				E3535C4E27E3622F0035EDFA /* CadenceSensor.swift */,
				E36508A327E2132400BEE34F /* BluetoothSpeedSensor.swift */,
				E3535C5227E3646C0035EDFA /* CBUUID+AssignedNumbers.swift */,
				E3535C5027E362600035EDFA /* BluetoothCadenceSensor.swift */,
				E3178D8527D4BB930000DB0F /* art.scnassets */,
				E3178D5927D379730000DB0F /* Assets.xcassets */,
				E3178D5B27D379730000DB0F /* Preview Content */,
			);
			path = Komusou;
			sourceTree = "<group>";
		};
		E3178D5B27D379730000DB0F /* Preview Content */ = {
			isa = PBXGroup;
			children = (
				E3178D5C27D379730000DB0F /* Preview Assets.xcassets */,
			);
			path = "Preview Content";
			sourceTree = "<group>";
		};
		E3178D6527D379730000DB0F /* KomusouTests */ = {
			isa = PBXGroup;
			children = (
				E3178D6627D379730000DB0F /* KomusouTests.swift */,
			);
			path = KomusouTests;
			sourceTree = "<group>";
		};
		E3178D6F27D379730000DB0F /* KomusouUITests */ = {
			isa = PBXGroup;
			children = (
				E3178D7027D379730000DB0F /* KomusouUITests.swift */,
				E3178D7227D379730000DB0F /* KomusouUITestsLaunchTests.swift */,
			);
			path = KomusouUITests;
			sourceTree = "<group>";
		};
		E347936727D8D342008C5829 /* Settings */ = {
			isa = PBXGroup;
			children = (
				E3178D8A27D7753C0000DB0F /* SettingsView.swift */,
				E383923B27EDE965008F156F /* SensorSettingView.swift */,
				E347936827D8D35E008C5829 /* TireSettingView.swift */,
			);
			path = Settings;
			sourceTree = "<group>";
		};
/* End PBXGroup section */

/* Begin PBXNativeTarget section */
		E3178D5127D379710000DB0F /* Komusou */ = {
			isa = PBXNativeTarget;
			buildConfigurationList = E3178D7627D379730000DB0F /* Build configuration list for PBXNativeTarget "Komusou" */;
			buildPhases = (
				E3178D4E27D379710000DB0F /* Sources */,
				E3178D4F27D379710000DB0F /* Frameworks */,
				E3178D5027D379710000DB0F /* Resources */,
			);
			buildRules = (
			);
			dependencies = (
			);
			name = Komusou;
			productName = Komusou;
			productReference = E3178D5227D379710000DB0F /* Komusou.app */;
			productType = "com.apple.product-type.application";
		};
		E3178D6127D379730000DB0F /* KomusouTests */ = {
			isa = PBXNativeTarget;
			buildConfigurationList = E3178D7927D379730000DB0F /* Build configuration list for PBXNativeTarget "KomusouTests" */;
			buildPhases = (
				E3178D5E27D379730000DB0F /* Sources */,
				E3178D5F27D379730000DB0F /* Frameworks */,
				E3178D6027D379730000DB0F /* Resources */,
			);
			buildRules = (
			);
			dependencies = (
				E3178D6427D379730000DB0F /* PBXTargetDependency */,
			);
			name = KomusouTests;
			productName = KomusouTests;
			productReference = E3178D6227D379730000DB0F /* KomusouTests.xctest */;
			productType = "com.apple.product-type.bundle.unit-test";
		};
		E3178D6B27D379730000DB0F /* KomusouUITests */ = {
			isa = PBXNativeTarget;
			buildConfigurationList = E3178D7C27D379730000DB0F /* Build configuration list for PBXNativeTarget "KomusouUITests" */;
			buildPhases = (
				E3178D6827D379730000DB0F /* Sources */,
				E3178D6927D379730000DB0F /* Frameworks */,
				E3178D6A27D379730000DB0F /* Resources */,
			);
			buildRules = (
			);
			dependencies = (
				E3178D6E27D379730000DB0F /* PBXTargetDependency */,
			);
			name = KomusouUITests;
			productName = KomusouUITests;
			productReference = E3178D6C27D379730000DB0F /* KomusouUITests.xctest */;
			productType = "com.apple.product-type.bundle.ui-testing";
		};
/* End PBXNativeTarget section */

/* Begin PBXProject section */
		E3178D4A27D379710000DB0F /* Project object */ = {
			isa = PBXProject;
			attributes = {
				BuildIndependentTargetsInParallel = 1;
				LastSwiftUpdateCheck = 1320;
				LastUpgradeCheck = 1320;
				TargetAttributes = {
					E3178D5127D379710000DB0F = {
						CreatedOnToolsVersion = 13.2.1;
					};
					E3178D6127D379730000DB0F = {
						CreatedOnToolsVersion = 13.2.1;
						TestTargetID = E3178D5127D379710000DB0F;
					};
					E3178D6B27D379730000DB0F = {
						CreatedOnToolsVersion = 13.2.1;
						TestTargetID = E3178D5127D379710000DB0F;
					};
				};
			};
			buildConfigurationList = E3178D4D27D379710000DB0F /* Build configuration list for PBXProject "Komusou" */;
			compatibilityVersion = "Xcode 13.0";
			developmentRegion = en;
			hasScannedForEncodings = 0;
			knownRegions = (
				en,
				Base,
			);
			mainGroup = E3178D4927D379710000DB0F;
			productRefGroup = E3178D5327D379710000DB0F /* Products */;
			projectDirPath = "";
			projectRoot = "";
			targets = (
				E3178D5127D379710000DB0F /* Komusou */,
				E3178D6127D379730000DB0F /* KomusouTests */,
				E3178D6B27D379730000DB0F /* KomusouUITests */,
			);
		};
/* End PBXProject section */

/* Begin PBXResourcesBuildPhase section */
		E3178D5027D379710000DB0F /* Resources */ = {
			isa = PBXResourcesBuildPhase;
			buildActionMask = 2147483647;
			files = (
				E3178D5D27D379730000DB0F /* Preview Assets.xcassets in Resources */,
				E3535C5527E365BE0035EDFA /* WorldView.xib in Resources */,
				E3178D8627D4BB930000DB0F /* art.scnassets in Resources */,
				E383923627E8B23D008F156F /* ControlPanelView.xib in Resources */,
				E3178D5A27D379730000DB0F /* Assets.xcassets in Resources */,
			);
			runOnlyForDeploymentPostprocessing = 0;
		};
		E3178D6027D379730000DB0F /* Resources */ = {
			isa = PBXResourcesBuildPhase;
			buildActionMask = 2147483647;
			files = (
			);
			runOnlyForDeploymentPostprocessing = 0;
		};
		E3178D6A27D379730000DB0F /* Resources */ = {
			isa = PBXResourcesBuildPhase;
			buildActionMask = 2147483647;
			files = (
			);
			runOnlyForDeploymentPostprocessing = 0;
		};
/* End PBXResourcesBuildPhase section */

/* Begin PBXSourcesBuildPhase section */
		E3178D4E27D379710000DB0F /* Sources */ = {
			isa = PBXSourcesBuildPhase;
			buildActionMask = 2147483647;
			files = (
				E3178D5827D379710000DB0F /* PlayView.swift in Sources */,
				E347936927D8D35E008C5829 /* TireSettingView.swift in Sources */,
				E3178D8B27D7753C0000DB0F /* SettingsView.swift in Sources */,
				E383923827E8B608008F156F /* ControlPanelView.swift in Sources */,
				E3535C4F27E3622F0035EDFA /* CadenceSensor.swift in Sources */,
				E383923C27EDE965008F156F /* SensorSettingView.swift in Sources */,
				E3535C5127E362600035EDFA /* BluetoothCadenceSensor.swift in Sources */,
				E36508A427E2132400BEE34F /* BluetoothSpeedSensor.swift in Sources */,
				E3178D5627D379710000DB0F /* KomusouApp.swift in Sources */,
				E3178D8427D4B8F80000DB0F /* WorldView.swift in Sources */,
				E3535C5327E3646C0035EDFA /* CBUUID+AssignedNumbers.swift in Sources */,
				E36508A227E212DE00BEE34F /* SpeedSensor.swift in Sources */,
			);
			runOnlyForDeploymentPostprocessing = 0;
		};
		E3178D5E27D379730000DB0F /* Sources */ = {
			isa = PBXSourcesBuildPhase;
			buildActionMask = 2147483647;
			files = (
				E3178D6727D379730000DB0F /* KomusouTests.swift in Sources */,
			);
			runOnlyForDeploymentPostprocessing = 0;
		};
		E3178D6827D379730000DB0F /* Sources */ = {
			isa = PBXSourcesBuildPhase;
			buildActionMask = 2147483647;
			files = (
				E3178D7327D379730000DB0F /* KomusouUITestsLaunchTests.swift in Sources */,
				E3178D7127D379730000DB0F /* KomusouUITests.swift in Sources */,
			);
			runOnlyForDeploymentPostprocessing = 0;
		};
/* End PBXSourcesBuildPhase section */

/* Begin PBXTargetDependency section */
		E3178D6427D379730000DB0F /* PBXTargetDependency */ = {
			isa = PBXTargetDependency;
			target = E3178D5127D379710000DB0F /* Komusou */;
			targetProxy = E3178D6327D379730000DB0F /* PBXContainerItemProxy */;
		};
		E3178D6E27D379730000DB0F /* PBXTargetDependency */ = {
			isa = PBXTargetDependency;
			target = E3178D5127D379710000DB0F /* Komusou */;
			targetProxy = E3178D6D27D379730000DB0F /* PBXContainerItemProxy */;
		};
/* End PBXTargetDependency section */

/* Begin XCBuildConfiguration section */
		E3178D7427D379730000DB0F /* Debug */ = {
			isa = XCBuildConfiguration;
			buildSettings = {
				ALWAYS_SEARCH_USER_PATHS = NO;
				CLANG_ANALYZER_NONNULL = YES;
				CLANG_ANALYZER_NUMBER_OBJECT_CONVERSION = YES_AGGRESSIVE;
				CLANG_CXX_LANGUAGE_STANDARD = "gnu++17";
				CLANG_CXX_LIBRARY = "libc++";
				CLANG_ENABLE_MODULES = YES;
				CLANG_ENABLE_OBJC_ARC = YES;
				CLANG_ENABLE_OBJC_WEAK = YES;
				CLANG_WARN_BLOCK_CAPTURE_AUTORELEASING = YES;
				CLANG_WARN_BOOL_CONVERSION = YES;
				CLANG_WARN_COMMA = YES;
				CLANG_WARN_CONSTANT_CONVERSION = YES;
				CLANG_WARN_DEPRECATED_OBJC_IMPLEMENTATIONS = YES;
				CLANG_WARN_DIRECT_OBJC_ISA_USAGE = YES_ERROR;
				CLANG_WARN_DOCUMENTATION_COMMENTS = YES;
				CLANG_WARN_EMPTY_BODY = YES;
				CLANG_WARN_ENUM_CONVERSION = YES;
				CLANG_WARN_INFINITE_RECURSION = YES;
				CLANG_WARN_INT_CONVERSION = YES;
				CLANG_WARN_NON_LITERAL_NULL_CONVERSION = YES;
				CLANG_WARN_OBJC_IMPLICIT_RETAIN_SELF = YES;
				CLANG_WARN_OBJC_LITERAL_CONVERSION = YES;
				CLANG_WARN_OBJC_ROOT_CLASS = YES_ERROR;
				CLANG_WARN_QUOTED_INCLUDE_IN_FRAMEWORK_HEADER = YES;
				CLANG_WARN_RANGE_LOOP_ANALYSIS = YES;
				CLANG_WARN_STRICT_PROTOTYPES = YES;
				CLANG_WARN_SUSPICIOUS_MOVE = YES;
				CLANG_WARN_UNGUARDED_AVAILABILITY = YES_AGGRESSIVE;
				CLANG_WARN_UNREACHABLE_CODE = YES;
				CLANG_WARN__DUPLICATE_METHOD_MATCH = YES;
				COPY_PHASE_STRIP = NO;
				DEBUG_INFORMATION_FORMAT = dwarf;
				ENABLE_STRICT_OBJC_MSGSEND = YES;
				ENABLE_TESTABILITY = YES;
				GCC_C_LANGUAGE_STANDARD = gnu11;
				GCC_DYNAMIC_NO_PIC = NO;
				GCC_NO_COMMON_BLOCKS = YES;
				GCC_OPTIMIZATION_LEVEL = 0;
				GCC_PREPROCESSOR_DEFINITIONS = (
					"DEBUG=1",
					"$(inherited)",
				);
				GCC_WARN_64_TO_32_BIT_CONVERSION = YES;
				GCC_WARN_ABOUT_RETURN_TYPE = YES_ERROR;
				GCC_WARN_UNDECLARED_SELECTOR = YES;
				GCC_WARN_UNINITIALIZED_AUTOS = YES_AGGRESSIVE;
				GCC_WARN_UNUSED_FUNCTION = YES;
				GCC_WARN_UNUSED_VARIABLE = YES;
				IPHONEOS_DEPLOYMENT_TARGET = 15.2;
				MTL_ENABLE_DEBUG_INFO = INCLUDE_SOURCE;
				MTL_FAST_MATH = YES;
				ONLY_ACTIVE_ARCH = YES;
				SDKROOT = iphoneos;
				SWIFT_ACTIVE_COMPILATION_CONDITIONS = DEBUG;
				SWIFT_OPTIMIZATION_LEVEL = "-Onone";
			};
			name = Debug;
		};
		E3178D7527D379730000DB0F /* Release */ = {
			isa = XCBuildConfiguration;
			buildSettings = {
				ALWAYS_SEARCH_USER_PATHS = NO;
				CLANG_ANALYZER_NONNULL = YES;
				CLANG_ANALYZER_NUMBER_OBJECT_CONVERSION = YES_AGGRESSIVE;
				CLANG_CXX_LANGUAGE_STANDARD = "gnu++17";
				CLANG_CXX_LIBRARY = "libc++";
				CLANG_ENABLE_MODULES = YES;
				CLANG_ENABLE_OBJC_ARC = YES;
				CLANG_ENABLE_OBJC_WEAK = YES;
				CLANG_WARN_BLOCK_CAPTURE_AUTORELEASING = YES;
				CLANG_WARN_BOOL_CONVERSION = YES;
				CLANG_WARN_COMMA = YES;
				CLANG_WARN_CONSTANT_CONVERSION = YES;
				CLANG_WARN_DEPRECATED_OBJC_IMPLEMENTATIONS = YES;
				CLANG_WARN_DIRECT_OBJC_ISA_USAGE = YES_ERROR;
				CLANG_WARN_DOCUMENTATION_COMMENTS = YES;
				CLANG_WARN_EMPTY_BODY = YES;
				CLANG_WARN_ENUM_CONVERSION = YES;
				CLANG_WARN_INFINITE_RECURSION = YES;
				CLANG_WARN_INT_CONVERSION = YES;
				CLANG_WARN_NON_LITERAL_NULL_CONVERSION = YES;
				CLANG_WARN_OBJC_IMPLICIT_RETAIN_SELF = YES;
				CLANG_WARN_OBJC_LITERAL_CONVERSION = YES;
				CLANG_WARN_OBJC_ROOT_CLASS = YES_ERROR;
				CLANG_WARN_QUOTED_INCLUDE_IN_FRAMEWORK_HEADER = YES;
				CLANG_WARN_RANGE_LOOP_ANALYSIS = YES;
				CLANG_WARN_STRICT_PROTOTYPES = YES;
				CLANG_WARN_SUSPICIOUS_MOVE = YES;
				CLANG_WARN_UNGUARDED_AVAILABILITY = YES_AGGRESSIVE;
				CLANG_WARN_UNREACHABLE_CODE = YES;
				CLANG_WARN__DUPLICATE_METHOD_MATCH = YES;
				COPY_PHASE_STRIP = NO;
				DEBUG_INFORMATION_FORMAT = "dwarf-with-dsym";
				ENABLE_NS_ASSERTIONS = NO;
				ENABLE_STRICT_OBJC_MSGSEND = YES;
				GCC_C_LANGUAGE_STANDARD = gnu11;
				GCC_NO_COMMON_BLOCKS = YES;
				GCC_WARN_64_TO_32_BIT_CONVERSION = YES;
				GCC_WARN_ABOUT_RETURN_TYPE = YES_ERROR;
				GCC_WARN_UNDECLARED_SELECTOR = YES;
				GCC_WARN_UNINITIALIZED_AUTOS = YES_AGGRESSIVE;
				GCC_WARN_UNUSED_FUNCTION = YES;
				GCC_WARN_UNUSED_VARIABLE = YES;
				IPHONEOS_DEPLOYMENT_TARGET = 15.2;
				MTL_ENABLE_DEBUG_INFO = NO;
				MTL_FAST_MATH = YES;
				SDKROOT = iphoneos;
				SWIFT_COMPILATION_MODE = wholemodule;
				SWIFT_OPTIMIZATION_LEVEL = "-O";
				VALIDATE_PRODUCT = YES;
			};
			name = Release;
		};
		E3178D7727D379730000DB0F /* Debug */ = {
			isa = XCBuildConfiguration;
			buildSettings = {
				ASSETCATALOG_COMPILER_APPICON_NAME = AppIcon;
				ASSETCATALOG_COMPILER_GLOBAL_ACCENT_COLOR_NAME = AccentColor;
				CODE_SIGN_STYLE = Automatic;
				CURRENT_PROJECT_VERSION = 1;
				DEVELOPMENT_ASSET_PATHS = "\"Komusou/Preview Content\"";
				DEVELOPMENT_TEAM = 4X3E9PQ9NR;
				ENABLE_PREVIEWS = YES;
				GENERATE_INFOPLIST_FILE = YES;
				INFOPLIST_KEY_NSBluetoothAlwaysUsageDescription = "センサーから値を取得するために使用します";
				INFOPLIST_KEY_UIApplicationSceneManifest_Generation = YES;
				INFOPLIST_KEY_UIApplicationSupportsIndirectInputEvents = YES;
				INFOPLIST_KEY_UILaunchScreen_Generation = YES;
				INFOPLIST_KEY_UISupportedInterfaceOrientations_iPad = "UIInterfaceOrientationPortrait UIInterfaceOrientationPortraitUpsideDown UIInterfaceOrientationLandscapeLeft UIInterfaceOrientationLandscapeRight";
				INFOPLIST_KEY_UISupportedInterfaceOrientations_iPhone = "UIInterfaceOrientationPortrait UIInterfaceOrientationLandscapeLeft UIInterfaceOrientationLandscapeRight";
				LD_RUNPATH_SEARCH_PATHS = (
					"$(inherited)",
					"@executable_path/Frameworks",
				);
				MARKETING_VERSION = 1.0;
				PRODUCT_BUNDLE_IDENTIFIER = com.gurrium.Komuso;
				PRODUCT_NAME = "$(TARGET_NAME)";
				SWIFT_EMIT_LOC_STRINGS = YES;
				SWIFT_VERSION = 5.0;
				TARGETED_DEVICE_FAMILY = "1,2";
			};
			name = Debug;
		};
		E3178D7827D379730000DB0F /* Release */ = {
			isa = XCBuildConfiguration;
			buildSettings = {
				ASSETCATALOG_COMPILER_APPICON_NAME = AppIcon;
				ASSETCATALOG_COMPILER_GLOBAL_ACCENT_COLOR_NAME = AccentColor;
				CODE_SIGN_STYLE = Automatic;
				CURRENT_PROJECT_VERSION = 1;
				DEVELOPMENT_ASSET_PATHS = "\"Komusou/Preview Content\"";
				DEVELOPMENT_TEAM = 4X3E9PQ9NR;
				ENABLE_PREVIEWS = YES;
				GENERATE_INFOPLIST_FILE = YES;
				INFOPLIST_KEY_NSBluetoothAlwaysUsageDescription = "センサーから値を取得するために使用します";
				INFOPLIST_KEY_UIApplicationSceneManifest_Generation = YES;
				INFOPLIST_KEY_UIApplicationSupportsIndirectInputEvents = YES;
				INFOPLIST_KEY_UILaunchScreen_Generation = YES;
				INFOPLIST_KEY_UISupportedInterfaceOrientations_iPad = "UIInterfaceOrientationPortrait UIInterfaceOrientationPortraitUpsideDown UIInterfaceOrientationLandscapeLeft UIInterfaceOrientationLandscapeRight";
				INFOPLIST_KEY_UISupportedInterfaceOrientations_iPhone = "UIInterfaceOrientationPortrait UIInterfaceOrientationLandscapeLeft UIInterfaceOrientationLandscapeRight";
				LD_RUNPATH_SEARCH_PATHS = (
					"$(inherited)",
					"@executable_path/Frameworks",
				);
				MARKETING_VERSION = 1.0;
				PRODUCT_BUNDLE_IDENTIFIER = com.gurrium.Komuso;
				PRODUCT_NAME = "$(TARGET_NAME)";
				SWIFT_EMIT_LOC_STRINGS = YES;
				SWIFT_VERSION = 5.0;
				TARGETED_DEVICE_FAMILY = "1,2";
			};
			name = Release;
		};
		E3178D7A27D379730000DB0F /* Debug */ = {
			isa = XCBuildConfiguration;
			buildSettings = {
				ALWAYS_EMBED_SWIFT_STANDARD_LIBRARIES = YES;
				BUNDLE_LOADER = "$(TEST_HOST)";
				CODE_SIGN_STYLE = Automatic;
				CURRENT_PROJECT_VERSION = 1;
				DEVELOPMENT_TEAM = 4X3E9PQ9NR;
				GENERATE_INFOPLIST_FILE = YES;
				IPHONEOS_DEPLOYMENT_TARGET = 15.2;
				MARKETING_VERSION = 1.0;
				PRODUCT_BUNDLE_IDENTIFIER = com.gurrium.KomusouTests;
				PRODUCT_NAME = "$(TARGET_NAME)";
				SWIFT_EMIT_LOC_STRINGS = NO;
				SWIFT_VERSION = 5.0;
				TARGETED_DEVICE_FAMILY = "1,2";
				TEST_HOST = "$(BUILT_PRODUCTS_DIR)/Komusou.app/Komusou";
			};
			name = Debug;
		};
		E3178D7B27D379730000DB0F /* Release */ = {
			isa = XCBuildConfiguration;
			buildSettings = {
				ALWAYS_EMBED_SWIFT_STANDARD_LIBRARIES = YES;
				BUNDLE_LOADER = "$(TEST_HOST)";
				CODE_SIGN_STYLE = Automatic;
				CURRENT_PROJECT_VERSION = 1;
				DEVELOPMENT_TEAM = 4X3E9PQ9NR;
				GENERATE_INFOPLIST_FILE = YES;
				IPHONEOS_DEPLOYMENT_TARGET = 15.2;
				MARKETING_VERSION = 1.0;
				PRODUCT_BUNDLE_IDENTIFIER = com.gurrium.KomusouTests;
				PRODUCT_NAME = "$(TARGET_NAME)";
				SWIFT_EMIT_LOC_STRINGS = NO;
				SWIFT_VERSION = 5.0;
				TARGETED_DEVICE_FAMILY = "1,2";
				TEST_HOST = "$(BUILT_PRODUCTS_DIR)/Komusou.app/Komusou";
			};
			name = Release;
		};
		E3178D7D27D379730000DB0F /* Debug */ = {
			isa = XCBuildConfiguration;
			buildSettings = {
				ALWAYS_EMBED_SWIFT_STANDARD_LIBRARIES = YES;
				CODE_SIGN_STYLE = Automatic;
				CURRENT_PROJECT_VERSION = 1;
				DEVELOPMENT_TEAM = 4X3E9PQ9NR;
				GENERATE_INFOPLIST_FILE = YES;
				MARKETING_VERSION = 1.0;
				PRODUCT_BUNDLE_IDENTIFIER = com.gurrium.KomusouUITests;
				PRODUCT_NAME = "$(TARGET_NAME)";
				SWIFT_EMIT_LOC_STRINGS = NO;
				SWIFT_VERSION = 5.0;
				TARGETED_DEVICE_FAMILY = "1,2";
				TEST_TARGET_NAME = Komusou;
			};
			name = Debug;
		};
		E3178D7E27D379730000DB0F /* Release */ = {
			isa = XCBuildConfiguration;
			buildSettings = {
				ALWAYS_EMBED_SWIFT_STANDARD_LIBRARIES = YES;
				CODE_SIGN_STYLE = Automatic;
				CURRENT_PROJECT_VERSION = 1;
				DEVELOPMENT_TEAM = 4X3E9PQ9NR;
				GENERATE_INFOPLIST_FILE = YES;
				MARKETING_VERSION = 1.0;
				PRODUCT_BUNDLE_IDENTIFIER = com.gurrium.KomusouUITests;
				PRODUCT_NAME = "$(TARGET_NAME)";
				SWIFT_EMIT_LOC_STRINGS = NO;
				SWIFT_VERSION = 5.0;
				TARGETED_DEVICE_FAMILY = "1,2";
				TEST_TARGET_NAME = Komusou;
			};
			name = Release;
		};
/* End XCBuildConfiguration section */

/* Begin XCConfigurationList section */
		E3178D4D27D379710000DB0F /* Build configuration list for PBXProject "Komusou" */ = {
			isa = XCConfigurationList;
			buildConfigurations = (
				E3178D7427D379730000DB0F /* Debug */,
				E3178D7527D379730000DB0F /* Release */,
			);
			defaultConfigurationIsVisible = 0;
			defaultConfigurationName = Release;
		};
		E3178D7627D379730000DB0F /* Build configuration list for PBXNativeTarget "Komusou" */ = {
			isa = XCConfigurationList;
			buildConfigurations = (
				E3178D7727D379730000DB0F /* Debug */,
				E3178D7827D379730000DB0F /* Release */,
			);
			defaultConfigurationIsVisible = 0;
			defaultConfigurationName = Release;
		};
		E3178D7927D379730000DB0F /* Build configuration list for PBXNativeTarget "KomusouTests" */ = {
			isa = XCConfigurationList;
			buildConfigurations = (
				E3178D7A27D379730000DB0F /* Debug */,
				E3178D7B27D379730000DB0F /* Release */,
			);
			defaultConfigurationIsVisible = 0;
			defaultConfigurationName = Release;
		};
		E3178D7C27D379730000DB0F /* Build configuration list for PBXNativeTarget "KomusouUITests" */ = {
			isa = XCConfigurationList;
			buildConfigurations = (
				E3178D7D27D379730000DB0F /* Debug */,
				E3178D7E27D379730000DB0F /* Release */,
			);
			defaultConfigurationIsVisible = 0;
			defaultConfigurationName = Release;
		};
/* End XCConfigurationList section */
	};
	rootObject = E3178D4A27D379710000DB0F /* Project object */;
}
